
Microsoft Visual Studio Solution File, Format Version 12.00
# Visual Studio 2012
Project("{FAE04EC0-301F-11D3-BF4B-00C04F79EFBC}") = "SystemHell", "SystemHell\SystemHell.csproj", "{37521E84-BC47-4D09-98DB-0EEE1DEB4A8C}"
EndProject
Project("{FAE04EC0-301F-11D3-BF4B-00C04F79EFBC}") = "Test_SystemHell", "Tests\Test_SystemHell\Test_SystemHell.csproj", "{39995519-C479-45B3-8DAA-4F3916E2D3AC}"
EndProject
Project("{2150E333-8FDC-42A3-9474-1A3956D46DE8}") = "Binaries", "Binaries", "{C31DD13A-4B8F-4072-94E5-1E8FD025B657}"
	ProjectSection(SolutionItems) = preProject
		Binaries\Ionic.Zip.dll = Binaries\Ionic.Zip.dll
		Binaries\OpenPop.dll = Binaries\OpenPop.dll
	EndProjectSection
EndProject
Project("{2150E333-8FDC-42A3-9474-1A3956D46DE8}") = "Daemons", "Daemons", "{990D9804-0102-42EC-8B3E-4A6B4590AA67}"
EndProject
Project("{FAE04EC0-301F-11D3-BF4B-00C04F79EFBC}") = "SharedDaemonLib", "SharedDaemonLib\SharedDaemonLib.csproj", "{DCA2F395-D9F2-4AB6-B089-036AC982B701}"
EndProject
Project("{FAE04EC0-301F-11D3-BF4B-00C04F79EFBC}") = "WorkitemDaemon", "Modules\WorkitemDaemon\WorkitemDaemon.csproj", "{E2E2533B-EC68-4BC9-A5D7-03EE1DD90EED}"
EndProject
Project("{FAE04EC0-301F-11D3-BF4B-00C04F79EFBC}") = "Pop3Daemon", "Modules\Pop3Daemon\Pop3Daemon.csproj", "{54975286-FCBD-45EE-BB91-F46478273031}"
EndProject
Project("{FAE04EC0-301F-11D3-BF4B-00C04F79EFBC}") = "Test_Pop3Daemon", "Test_Pop3Daemon\Test_Pop3Daemon.csproj", "{15639BDF-176C-4FEC-835F-4E6B5E56C810}"
EndProject
Project("{FAE04EC0-301F-11D3-BF4B-00C04F79EFBC}") = "Test_WorkitemDaemon", "Test_WorkitemDaemon\Test_WorkitemDaemon.csproj", "{849FADB2-7AF3-40D5-A241-BCC4347DEF7E}"
EndProject
Project("{2150E333-8FDC-42A3-9474-1A3956D46DE8}") = "Tests", "Tests", "{6EC9820E-66D7-4339-BFA3-E7EBD674EE55}"
EndProject
Global
	GlobalSection(SolutionConfigurationPlatforms) = preSolution
		Debug|Any CPU = Debug|Any CPU
		Release|Any CPU = Release|Any CPU
	EndGlobalSection
	GlobalSection(ProjectConfigurationPlatforms) = postSolution
		{37521E84-BC47-4D09-98DB-0EEE1DEB4A8C}.Debug|Any CPU.ActiveCfg = Debug|Any CPU
		{37521E84-BC47-4D09-98DB-0EEE1DEB4A8C}.Debug|Any CPU.Build.0 = Debug|Any CPU
		{37521E84-BC47-4D09-98DB-0EEE1DEB4A8C}.Release|Any CPU.ActiveCfg = Release|Any CPU
		{37521E84-BC47-4D09-98DB-0EEE1DEB4A8C}.Release|Any CPU.Build.0 = Release|Any CPU
		{39995519-C479-45B3-8DAA-4F3916E2D3AC}.Debug|Any CPU.ActiveCfg = Debug|Any CPU
		{39995519-C479-45B3-8DAA-4F3916E2D3AC}.Debug|Any CPU.Build.0 = Debug|Any CPU
		{39995519-C479-45B3-8DAA-4F3916E2D3AC}.Release|Any CPU.ActiveCfg = Release|Any CPU
		{39995519-C479-45B3-8DAA-4F3916E2D3AC}.Release|Any CPU.Build.0 = Release|Any CPU
		{DCA2F395-D9F2-4AB6-B089-036AC982B701}.Debug|Any CPU.ActiveCfg = Debug|Any CPU
		{DCA2F395-D9F2-4AB6-B089-036AC982B701}.Debug|Any CPU.Build.0 = Debug|Any CPU
		{DCA2F395-D9F2-4AB6-B089-036AC982B701}.Release|Any CPU.ActiveCfg = Release|Any CPU
		{DCA2F395-D9F2-4AB6-B089-036AC982B701}.Release|Any CPU.Build.0 = Release|Any CPU
		{E2E2533B-EC68-4BC9-A5D7-03EE1DD90EED}.Debug|Any CPU.ActiveCfg = Debug|Any CPU
		{E2E2533B-EC68-4BC9-A5D7-03EE1DD90EED}.Debug|Any CPU.Build.0 = Debug|Any CPU
		{E2E2533B-EC68-4BC9-A5D7-03EE1DD90EED}.Release|Any CPU.ActiveCfg = Release|Any CPU
		{E2E2533B-EC68-4BC9-A5D7-03EE1DD90EED}.Release|Any CPU.Build.0 = Release|Any CPU
		{54975286-FCBD-45EE-BB91-F46478273031}.Debug|Any CPU.ActiveCfg = Debug|Any CPU
		{54975286-FCBD-45EE-BB91-F46478273031}.Debug|Any CPU.Build.0 = Debug|Any CPU
		{54975286-FCBD-45EE-BB91-F46478273031}.Release|Any CPU.ActiveCfg = Release|Any CPU
		{54975286-FCBD-45EE-BB91-F46478273031}.Release|Any CPU.Build.0 = Release|Any CPU
		{15639BDF-176C-4FEC-835F-4E6B5E56C810}.Debug|Any CPU.ActiveCfg = Debug|Any CPU
		{15639BDF-176C-4FEC-835F-4E6B5E56C810}.Debug|Any CPU.Build.0 = Debug|Any CPU
		{15639BDF-176C-4FEC-835F-4E6B5E56C810}.Release|Any CPU.ActiveCfg = Release|Any CPU
		{15639BDF-176C-4FEC-835F-4E6B5E56C810}.Release|Any CPU.Build.0 = Release|Any CPU
		{849FADB2-7AF3-40D5-A241-BCC4347DEF7E}.Debug|Any CPU.ActiveCfg = Debug|Any CPU
		{849FADB2-7AF3-40D5-A241-BCC4347DEF7E}.Debug|Any CPU.Build.0 = Debug|Any CPU
		{849FADB2-7AF3-40D5-A241-BCC4347DEF7E}.Release|Any CPU.ActiveCfg = Release|Any CPU
		{849FADB2-7AF3-40D5-A241-BCC4347DEF7E}.Release|Any CPU.Build.0 = Release|Any CPU
	EndGlobalSection
	GlobalSection(SolutionProperties) = preSolution
		HideSolutionNode = FALSE
	EndGlobalSection
	GlobalSection(NestedProjects) = preSolution
		{E2E2533B-EC68-4BC9-A5D7-03EE1DD90EED} = {990D9804-0102-42EC-8B3E-4A6B4590AA67}
		{54975286-FCBD-45EE-BB91-F46478273031} = {990D9804-0102-42EC-8B3E-4A6B4590AA67}
		{6EC9820E-66D7-4339-BFA3-E7EBD674EE55} = {990D9804-0102-42EC-8B3E-4A6B4590AA67}
		{15639BDF-176C-4FEC-835F-4E6B5E56C810} = {6EC9820E-66D7-4339-BFA3-E7EBD674EE55}
		{849FADB2-7AF3-40D5-A241-BCC4347DEF7E} = {6EC9820E-66D7-4339-BFA3-E7EBD674EE55}
	EndGlobalSection
EndGlobal
